<?xml version="1.0" encoding="utf-8"?>
<Project ToolsVersion="4.0" xmlns="http://schemas.microsoft.com/developer/msbuild/2003">
  <ItemGroup>
    <Filter Include="code">
      <UniqueIdentifier>{96c76f29-5e55-402c-a79f-3289e499172d}</UniqueIdentifier>
    </Filter>
    <Filter Include="code\pkGraphics">
      <UniqueIdentifier>{4238882a-35e1-4061-9f70-ac24fe497aff}</UniqueIdentifier>
    </Filter>
    <Filter Include="code\pPkCamera">
      <UniqueIdentifier>{664b8d12-4fc0-45cd-a074-f011ff1cc5ba}</UniqueIdentifier>
    </Filter>
  </ItemGroup>
  <ItemGroup>
    <ClCompile Include="code\main.cpp">
      <Filter>code</Filter>
    </ClCompile>
    <ClCompile Include="code\game.cpp">
      <Filter>code</Filter>
    </ClCompile>
    <ClCompile Include="code\graphics\pkGraphicsBackend.cpp">
      <Filter>code\pkGraphics</Filter>
    </ClCompile>
    <ClCompile Include="code\camera\pkCamera.cpp">
      <Filter>code\pPkCamera</Filter>
    </ClCompile>
    <ClCompile Include="code\graphics\pkGraphicsSwapChain.cpp">
      <Filter>code\pkGraphics</Filter>
    </ClCompile>
    <ClCompile Include="code\graphics\pkGraphicsSurface.cpp">
      <Filter>code\pkGraphics</Filter>
    </ClCompile>
    <ClCompile Include="code\graphics\pkGraphicsUtils.cpp">
      <Filter>code\pkGraphics</Filter>
    </ClCompile>
    <ClCompile Include="code\graphics\pkGraphicsTest.cpp">
      <Filter>code\pkGraphics</Filter>
    </ClCompile>
    <ClCompile Include="code\graphics\pkGraphicsWindow.cpp">
      <Filter>code\pkGraphics</Filter>
    </ClCompile>
  </ItemGroup>
  <ItemGroup>
    <ClInclude Include="code\library_macros.h">
      <Filter>code</Filter>
    </ClInclude>
    <ClInclude Include="code\game.h">
      <Filter>code</Filter>
    </ClInclude>
    <ClInclude Include="code\graphics\pkGraphicsBackend.h">
      <Filter>code\pkGraphics</Filter>
    </ClInclude>
    <ClInclude Include="code\camera\pkCamera.h">
      <Filter>code\pPkCamera</Filter>
    </ClInclude>
    <ClInclude Include="code\graphics\pkGraphicsSwapChain.h">
      <Filter>code\pkGraphics</Filter>
    </ClInclude>
    <ClInclude Include="code\graphics\pkGraphicsSurface.h">
      <Filter>code\pkGraphics</Filter>
    </ClInclude>
    <ClInclude Include="code\graphics\pkGraphicsUtils.h">
      <Filter>code\pkGraphics</Filter>
    </ClInclude>
    <ClInclude Include="code\graphics\pkGraphicsTest.h">
      <Filter>code\pkGraphics</Filter>
    </ClInclude>
    <ClInclude Include="code\graphics\pkGraphicsWindow.h">
      <Filter>code\pkGraphics</Filter>
    </ClInclude>
  </ItemGroup>
</Project>